// !$*UTF8*$!
{
	archiveVersion = 1;
	classes = {
	};
	objectVersion = 46;
	objects = {

/* Begin PBXBuildFile section */
		05D131341E9A468C005BFEE1 /* main.m in Sources */ = {isa = PBXBuildFile; fileRef = 05D131331E9A468C005BFEE1 /* main.m */; };
		05D131371E9A468C005BFEE1 /* AppDelegate.m in Sources */ = {isa = PBXBuildFile; fileRef = 05D131361E9A468C005BFEE1 /* AppDelegate.m */; };
		05D1313A1E9A468C005BFEE1 /* ViewController.m in Sources */ = {isa = PBXBuildFile; fileRef = 05D131391E9A468C005BFEE1 /* ViewController.m */; };
		05D1313D1E9A468C005BFEE1 /* Main.storyboard in Resources */ = {isa = PBXBuildFile; fileRef = 05D1313B1E9A468C005BFEE1 /* Main.storyboard */; };
		05D1313F1E9A468C005BFEE1 /* Assets.xcassets in Resources */ = {isa = PBXBuildFile; fileRef = 05D1313E1E9A468C005BFEE1 /* Assets.xcassets */; };
		05D131421E9A468C005BFEE1 /* LaunchScreen.storyboard in Resources */ = {isa = PBXBuildFile; fileRef = 05D131401E9A468C005BFEE1 /* LaunchScreen.storyboard */; };
		05D1314D1E9A468C005BFEE1 /* MovieAppTests.m in Sources */ = {isa = PBXBuildFile; fileRef = 05D1314C1E9A468C005BFEE1 /* MovieAppTests.m */; };
/* End PBXBuildFile section */

/* Begin PBXContainerItemProxy section */
		05D131491E9A468C005BFEE1 /* PBXContainerItemProxy */ = {
			isa = PBXContainerItemProxy;
			containerPortal = 05D131271E9A468C005BFEE1 /* Project object */;
			proxyType = 1;
			remoteGlobalIDString = 05D1312E1E9A468C005BFEE1;
			remoteInfo = MovieApp;
		};
/* End PBXContainerItemProxy section */

/* Begin PBXFileReference section */
		05D1312F1E9A468C005BFEE1 /* MovieApp.app */ = {isa = PBXFileReference; explicitFileType = wrapper.application; includeInIndex = 0; path = MovieApp.app; sourceTree = BUILT_PRODUCTS_DIR; };
		05D131331E9A468C005BFEE1 /* main.m */ = {isa = PBXFileReference; lastKnownFileType = sourcecode.c.objc; path = main.m; sourceTree = "<group>"; };
		05D131351E9A468C005BFEE1 /* AppDelegate.h */ = {isa = PBXFileReference; lastKnownFileType = sourcecode.c.h; path = AppDelegate.h; sourceTree = "<group>"; };
		05D131361E9A468C005BFEE1 /* AppDelegate.m */ = {isa = PBXFileReference; lastKnownFileType = sourcecode.c.objc; path = AppDelegate.m; sourceTree = "<group>"; };
		05D131381E9A468C005BFEE1 /* ViewController.h */ = {isa = PBXFileReference; lastKnownFileType = sourcecode.c.h; path = ViewController.h; sourceTree = "<group>"; };
		05D131391E9A468C005BFEE1 /* ViewController.m */ = {isa = PBXFileReference; lastKnownFileType = sourcecode.c.objc; path = ViewController.m; sourceTree = "<group>"; };
		05D1313C1E9A468C005BFEE1 /* Base */ = {isa = PBXFileReference; lastKnownFileType = file.storyboard; name = Base; path = Base.lproj/Main.storyboard; sourceTree = "<group>"; };
		05D1313E1E9A468C005BFEE1 /* Assets.xcassets */ = {isa = PBXFileReference; lastKnownFileType = folder.assetcatalog; path = Assets.xcassets; sourceTree = "<group>"; };
		05D131411E9A468C005BFEE1 /* Base */ = {isa = PBXFileReference; lastKnownFileType = file.storyboard; name = Base; path = Base.lproj/LaunchScreen.storyboard; sourceTree = "<group>"; };
		05D131431E9A468C005BFEE1 /* Info.plist */ = {isa = PBXFileReference; lastKnownFileType = text.plist.xml; path = Info.plist; sourceTree = "<group>"; };
		05D131481E9A468C005BFEE1 /* MovieAppTests.xctest */ = {isa = PBXFileReference; explicitFileType = wrapper.cfbundle; includeInIndex = 0; path = MovieAppTests.xctest; sourceTree = BUILT_PRODUCTS_DIR; };
		05D1314C1E9A468C005BFEE1 /* MovieAppTests.m */ = {isa = PBXFileReference; lastKnownFileType = sourcecode.c.objc; path = MovieAppTests.m; sourceTree = "<group>"; };
		05D1314E1E9A468C005BFEE1 /* Info.plist */ = {isa = PBXFileReference; lastKnownFileType = text.plist.xml; path = Info.plist; sourceTree = "<group>"; };
/* End PBXFileReference section */

/* Begin PBXFrameworksBuildPhase section */
		05D1312C1E9A468C005BFEE1 /* Frameworks */ = {
			isa = PBXFrameworksBuildPhase;
			buildActionMask = 2147483647;
			files = (
			);
			runOnlyForDeploymentPostprocessing = 0;
		};
		05D131451E9A468C005BFEE1 /* Frameworks */ = {
			isa = PBXFrameworksBuildPhase;
			buildActionMask = 2147483647;
			files = (
			);
			runOnlyForDeploymentPostprocessing = 0;
		};
/* End PBXFrameworksBuildPhase section */

/* Begin PBXGroup section */
		05D131261E9A468C005BFEE1 = {
			isa = PBXGroup;
			children = (
				05D131311E9A468C005BFEE1 /* MovieApp */,
				05D1314B1E9A468C005BFEE1 /* MovieAppTests */,
				05D131301E9A468C005BFEE1 /* Products */,
			);
			sourceTree = "<group>";
		};
		05D131301E9A468C005BFEE1 /* Products */ = {
			isa = PBXGroup;
			children = (
				05D1312F1E9A468C005BFEE1 /* MovieApp.app */,
				05D131481E9A468C005BFEE1 /* MovieAppTests.xctest */,
			);
			name = Products;
			sourceTree = "<group>";
		};
		05D131311E9A468C005BFEE1 /* MovieApp */ = {
			isa = PBXGroup;
			children = (
				05D131351E9A468C005BFEE1 /* AppDelegate.h */,
				05D131361E9A468C005BFEE1 /* AppDelegate.m */,
				05D131381E9A468C005BFEE1 /* ViewController.h */,
				05D131391E9A468C005BFEE1 /* ViewController.m */,
				05D1313B1E9A468C005BFEE1 /* Main.storyboard */,
				05D1313E1E9A468C005BFEE1 /* Assets.xcassets */,
				05D131401E9A468C005BFEE1 /* LaunchScreen.storyboard */,
				05D131431E9A468C005BFEE1 /* Info.plist */,
				05D131321E9A468C005BFEE1 /* Supporting Files */,
			);
			path = MovieApp;
			sourceTree = "<group>";
		};
		05D131321E9A468C005BFEE1 /* Supporting Files */ = {
			isa = PBXGroup;
			children = (
				05D131331E9A468C005BFEE1 /* main.m */,
			);
			name = "Supporting Files";
			sourceTree = "<group>";
		};
		05D1314B1E9A468C005BFEE1 /* MovieAppTests */ = {
			isa = PBXGroup;
			children = (
				05D1314C1E9A468C005BFEE1 /* MovieAppTests.m */,
				05D1314E1E9A468C005BFEE1 /* Info.plist */,
			);
			path = MovieAppTests;
			sourceTree = "<group>";
		};
/* End PBXGroup section */

/* Begin PBXNativeTarget section */
		05D1312E1E9A468C005BFEE1 /* MovieApp */ = {
			isa = PBXNativeTarget;
			buildConfigurationList = 05D131511E9A468C005BFEE1 /* Build configuration list for PBXNativeTarget "MovieApp" */;
			buildPhases = (
				05D1312B1E9A468C005BFEE1 /* Sources */,
				05D1312C1E9A468C005BFEE1 /* Frameworks */,
				05D1312D1E9A468C005BFEE1 /* Resources */,
			);
			buildRules = (
			);
			dependencies = (
			);
			name = MovieApp;
			productName = MovieApp;
			productReference = 05D1312F1E9A468C005BFEE1 /* MovieApp.app */;
			productType = "com.apple.product-type.application";
		};
		05D131471E9A468C005BFEE1 /* MovieAppTests */ = {
			isa = PBXNativeTarget;
			buildConfigurationList = 05D131541E9A468C005BFEE1 /* Build configuration list for PBXNativeTarget "MovieAppTests" */;
			buildPhases = (
				05D131441E9A468C005BFEE1 /* Sources */,
				05D131451E9A468C005BFEE1 /* Frameworks */,
				05D131461E9A468C005BFEE1 /* Resources */,
			);
			buildRules = (
			);
			dependencies = (
				05D1314A1E9A468C005BFEE1 /* PBXTargetDependency */,
			);
			name = MovieAppTests;
			productName = MovieAppTests;
			productReference = 05D131481E9A468C005BFEE1 /* MovieAppTests.xctest */;
			productType = "com.apple.product-type.bundle.unit-test";
		};
/* End PBXNativeTarget section */

/* Begin PBXProject section */
		05D131271E9A468C005BFEE1 /* Project object */ = {
			isa = PBXProject;
			attributes = {
				LastUpgradeCheck = 0830;
				ORGANIZATIONNAME = sackfield;
				TargetAttributes = {
					05D1312E1E9A468C005BFEE1 = {
						CreatedOnToolsVersion = 8.3.1;
						ProvisioningStyle = Automatic;
					};
					05D131471E9A468C005BFEE1 = {
						CreatedOnToolsVersion = 8.3.1;
						ProvisioningStyle = Automatic;
						TestTargetID = 05D1312E1E9A468C005BFEE1;
					};
				};
			};
			buildConfigurationList = 05D1312A1E9A468C005BFEE1 /* Build configuration list for PBXProject "MovieApp" */;
			compatibilityVersion = "Xcode 3.2";
			developmentRegion = English;
			hasScannedForEncodings = 0;
			knownRegions = (
				en,
				Base,
			);
			mainGroup = 05D131261E9A468C005BFEE1;
			productRefGroup = 05D131301E9A468C005BFEE1 /* Products */;
			projectDirPath = "";
			projectRoot = "";
			targets = (
				05D1312E1E9A468C005BFEE1 /* MovieApp */,
				05D131471E9A468C005BFEE1 /* MovieAppTests */,
			);
		};
/* End PBXProject section */

/* Begin PBXResourcesBuildPhase section */
		05D1312D1E9A468C005BFEE1 /* Resources */ = {
			isa = PBXResourcesBuildPhase;
			buildActionMask = 2147483647;
			files = (
				05D131421E9A468C005BFEE1 /* LaunchScreen.storyboard in Resources */,
				05D1313F1E9A468C005BFEE1 /* Assets.xcassets in Resources */,
				05D1313D1E9A468C005BFEE1 /* Main.storyboard in Resources */,
			);
			runOnlyForDeploymentPostprocessing = 0;
		};
		05D131461E9A468C005BFEE1 /* Resources */ = {
			isa = PBXResourcesBuildPhase;
			buildActionMask = 2147483647;
			files = (
			);
			runOnlyForDeploymentPostprocessing = 0;
		};
/* End PBXResourcesBuildPhase section */

/* Begin PBXSourcesBuildPhase section */
		05D1312B1E9A468C005BFEE1 /* Sources */ = {
			isa = PBXSourcesBuildPhase;
			buildActionMask = 2147483647;
			files = (
				05D1313A1E9A468C005BFEE1 /* ViewController.m in Sources */,
				05D131371E9A468C005BFEE1 /* AppDelegate.m in Sources */,
				05D131341E9A468C005BFEE1 /* main.m in Sources */,
			);
			runOnlyForDeploymentPostprocessing = 0;
		};
		05D131441E9A468C005BFEE1 /* Sources */ = {
			isa = PBXSourcesBuildPhase;
			buildActionMask = 2147483647;
			files = (
				05D1314D1E9A468C005BFEE1 /* MovieAppTests.m in Sources */,
			);
			runOnlyForDeploymentPostprocessing = 0;
		};
/* End PBXSourcesBuildPhase section */

/* Begin PBXTargetDependency section */
		05D1314A1E9A468C005BFEE1 /* PBXTargetDependency */ = {
			isa = PBXTargetDependency;
			target = 05D1312E1E9A468C005BFEE1 /* MovieApp */;
			targetProxy = 05D131491E9A468C005BFEE1 /* PBXContainerItemProxy */;
		};
/* End PBXTargetDependency section */

/* Begin PBXVariantGroup section */
		05D1313B1E9A468C005BFEE1 /* Main.storyboard */ = {
			isa = PBXVariantGroup;
			children = (
				05D1313C1E9A468C005BFEE1 /* Base */,
			);
			name = Main.storyboard;
			sourceTree = "<group>";
		};
		05D131401E9A468C005BFEE1 /* LaunchScreen.storyboard */ = {
			isa = PBXVariantGroup;
			children = (
				05D131411E9A468C005BFEE1 /* Base */,
			);
			name = LaunchScreen.storyboard;
			sourceTree = "<group>";
		};
/* End PBXVariantGroup section */

/* Begin XCBuildConfiguration section */
		05D1314F1E9A468C005BFEE1 /* Debug */ = {
			isa = XCBuildConfiguration;
			buildSettings = {
				ALWAYS_SEARCH_USER_PATHS = NO;
				CLANG_ANALYZER_NONNULL = YES;
				CLANG_ANALYZER_NUMBER_OBJECT_CONVERSION = YES_AGGRESSIVE;
				CLANG_CXX_LANGUAGE_STANDARD = "gnu++0x";
				CLANG_CXX_LIBRARY = "libc++";
				CLANG_ENABLE_MODULES = YES;
				CLANG_ENABLE_OBJC_ARC = YES;
				CLANG_WARN_BOOL_CONVERSION = YES;
				CLANG_WARN_CONSTANT_CONVERSION = YES;
				CLANG_WARN_DIRECT_OBJC_ISA_USAGE = YES_ERROR;
				CLANG_WARN_DOCUMENTATION_COMMENTS = YES;
				CLANG_WARN_EMPTY_BODY = YES;
				CLANG_WARN_ENUM_CONVERSION = YES;
				CLANG_WARN_INFINITE_RECURSION = YES;
				CLANG_WARN_INT_CONVERSION = YES;
				CLANG_WARN_OBJC_ROOT_CLASS = YES_ERROR;
				CLANG_WARN_SUSPICIOUS_MOVE = YES;
				CLANG_WARN_UNREACHABLE_CODE = YES;
				CLANG_WARN__DUPLICATE_METHOD_MATCH = YES;
				"CODE_SIGN_IDENTITY[sdk=iphoneos*]" = "iPhone Developer";
				COPY_PHASE_STRIP = NO;
				DEBUG_INFORMATION_FORMAT = dwarf;
				ENABLE_STRICT_OBJC_MSGSEND = YES;
				ENABLE_TESTABILITY = YES;
				GCC_C_LANGUAGE_STANDARD = gnu99;
				GCC_DYNAMIC_NO_PIC = NO;
				GCC_NO_COMMON_BLOCKS = YES;
				GCC_OPTIMIZATION_LEVEL = 0;
				GCC_PREPROCESSOR_DEFINITIONS = (
					"DEBUG=1",
					"$(inherited)",
				);
				GCC_WARN_64_TO_32_BIT_CONVERSION = YES;
				GCC_WARN_ABOUT_RETURN_TYPE = YES_ERROR;
				GCC_WARN_UNDECLARED_SELECTOR = YES;
				GCC_WARN_UNINITIALIZED_AUTOS = YES_AGGRESSIVE;
				GCC_WARN_UNUSED_FUNCTION = YES;
				GCC_WARN_UNUSED_VARIABLE = YES;
				IPHONEOS_DEPLOYMENT_TARGET = 10.3;
				MTL_ENABLE_DEBUG_INFO = YES;
				ONLY_ACTIVE_ARCH = YES;
				SDKROOT = iphoneos;
				TARGETED_DEVICE_FAMILY = "1,2";
			};
			name = Debug;
		};
		05D131501E9A468C005BFEE1 /* Release */ = {
			isa = XCBuildConfiguration;
			buildSettings = {
				ALWAYS_SEARCH_USER_PATHS = NO;
				CLANG_ANALYZER_NONNULL = YES;
				CLANG_ANALYZER_NUMBER_OBJECT_CONVERSION = YES_AGGRESSIVE;
				CLANG_CXX_LANGUAGE_STANDARD = "gnu++0x";
				CLANG_CXX_LIBRARY = "libc++";
				CLANG_ENABLE_MODULES = YES;
				CLANG_ENABLE_OBJC_ARC = YES;
				CLANG_WARN_BOOL_CONVERSION = YES;
				CLANG_WARN_CONSTANT_CONVERSION = YES;
				CLANG_WARN_DIRECT_OBJC_ISA_USAGE = YES_ERROR;
				CLANG_WARN_DOCUMENTATION_COMMENTS = YES;
				CLANG_WARN_EMPTY_BODY = YES;
				CLANG_WARN_ENUM_CONVERSION = YES;
				CLANG_WARN_INFINITE_RECURSION = YES;
				CLANG_WARN_INT_CONVERSION = YES;
				CLANG_WARN_OBJC_ROOT_CLASS = YES_ERROR;
				CLANG_WARN_SUSPICIOUS_MOVE = YES;
				CLANG_WARN_UNREACHABLE_CODE = YES;
				CLANG_WARN__DUPLICATE_METHOD_MATCH = YES;
				"CODE_SIGN_IDENTITY[sdk=iphoneos*]" = "iPhone Developer";
				COPY_PHASE_STRIP = NO;
				DEBUG_INFORMATION_FORMAT = "dwarf-with-dsym";
				ENABLE_NS_ASSERTIONS = NO;
				ENABLE_STRICT_OBJC_MSGSEND = YES;
				GCC_C_LANGUAGE_STANDARD = gnu99;
				GCC_NO_COMMON_BLOCKS = YES;
				GCC_WARN_64_TO_32_BIT_CONVERSION = YES;
				GCC_WARN_ABOUT_RETURN_TYPE = YES_ERROR;
				GCC_WARN_UNDECLARED_SELECTOR = YES;
				GCC_WARN_UNINITIALIZED_AUTOS = YES_AGGRESSIVE;
				GCC_WARN_UNUSED_FUNCTION = YES;
				GCC_WARN_UNUSED_VARIABLE = YES;
				IPHONEOS_DEPLOYMENT_TARGET = 10.3;
				MTL_ENABLE_DEBUG_INFO = NO;
				SDKROOT = iphoneos;
				TARGETED_DEVICE_FAMILY = "1,2";
				VALIDATE_PRODUCT = YES;
			};
			name = Release;
		};
		05D131521E9A468C005BFEE1 /* Debug */ = {
			isa = XCBuildConfiguration;
			buildSettings = {
				ASSETCATALOG_COMPILER_APPICON_NAME = AppIcon;
				INFOPLIST_FILE = MovieApp/Info.plist;
				LD_RUNPATH_SEARCH_PATHS = "$(inherited) @executable_path/Frameworks";
				PRODUCT_BUNDLE_IDENTIFIER = com.sackfield.MovieApp;
				PRODUCT_NAME = "$(TARGET_NAME)";
			};
			name = Debug;
		};
		05D131531E9A468C005BFEE1 /* Release */ = {
			isa = XCBuildConfiguration;
			buildSettings = {
				ASSETCATALOG_COMPILER_APPICON_NAME = AppIcon;
				INFOPLIST_FILE = MovieApp/Info.plist;
				LD_RUNPATH_SEARCH_PATHS = "$(inherited) @executable_path/Frameworks";
				PRODUCT_BUNDLE_IDENTIFIER = com.sackfield.MovieApp;
				PRODUCT_NAME = "$(TARGET_NAME)";
			};
			name = Release;
		};
		05D131551E9A468C005BFEE1 /* Debug */ = {
			isa = XCBuildConfiguration;
			buildSettings = {
				BUNDLE_LOADER = "$(TEST_HOST)";
				INFOPLIST_FILE = MovieAppTests/Info.plist;
				LD_RUNPATH_SEARCH_PATHS = "$(inherited) @executable_path/Frameworks @loader_path/Frameworks";
				PRODUCT_BUNDLE_IDENTIFIER = com.sackfield.MovieAppTests;
				PRODUCT_NAME = "$(TARGET_NAME)";
				TEST_HOST = "$(BUILT_PRODUCTS_DIR)/MovieApp.app/MovieApp";
			};
			name = Debug;
		};
		05D131561E9A468C005BFEE1 /* Release */ = {
			isa = XCBuildConfiguration;
			buildSettings = {
				BUNDLE_LOADER = "$(TEST_HOST)";
				INFOPLIST_FILE = MovieAppTests/Info.plist;
				LD_RUNPATH_SEARCH_PATHS = "$(inherited) @executable_path/Frameworks @loader_path/Frameworks";
				PRODUCT_BUNDLE_IDENTIFIER = com.sackfield.MovieAppTests;
				PRODUCT_NAME = "$(TARGET_NAME)";
				TEST_HOST = "$(BUILT_PRODUCTS_DIR)/MovieApp.app/MovieApp";
			};
			name = Release;
		};
/* End XCBuildConfiguration section */

/* Begin XCConfigurationList section */
		05D1312A1E9A468C005BFEE1 /* Build configuration list for PBXProject "MovieApp" */ = {
			isa = XCConfigurationList;
			buildConfigurations = (
				05D1314F1E9A468C005BFEE1 /* Debug */,
				05D131501E9A468C005BFEE1 /* Release */,
			);
			defaultConfigurationIsVisible = 0;
			defaultConfigurationName = Release;
		};
		05D131511E9A468C005BFEE1 /* Build configuration list for PBXNativeTarget "MovieApp" */ = {
			isa = XCConfigurationList;
			buildConfigurations = (
				05D131521E9A468C005BFEE1 /* Debug */,
				05D131531E9A468C005BFEE1 /* Release */,
			);
			defaultConfigurationIsVisible = 0;
		};
		05D131541E9A468C005BFEE1 /* Build configuration list for PBXNativeTarget "MovieAppTests" */ = {
			isa = XCConfigurationList;
			buildConfigurations = (
				05D131551E9A468C005BFEE1 /* Debug */,
				05D131561E9A468C005BFEE1 /* Release */,
			);
			defaultConfigurationIsVisible = 0;
		};
/* End XCConfigurationList section */
	};
	rootObject = 05D131271E9A468C005BFEE1 /* Project object */;
}
